
Microsoft Visual Studio Solution File, Format Version 12.00
# Visual Studio 14
VisualStudioVersion = 14.0.24720.0
MinimumVisualStudioVersion = 10.0.40219.1
Project("{FAE04EC0-301F-11D3-BF4B-00C04F79EFBC}") = "FlightChecker", "FlightChecker\FlightChecker.csproj", "{CD616840-259E-4324-A4D5-430B2411BFFF}"
EndProject
Project("{FAE04EC0-301F-11D3-BF4B-00C04F79EFBC}") = "FlightChecker.Tests", "FlightChecker.Tests\FlightChecker.Tests.csproj", "{741DC639-9DFC-4D40-A3D7-116A4242FD8E}"
EndProject
Global
	GlobalSection(SolutionConfigurationPlatforms) = preSolution
		Debug|Any CPU = Debug|Any CPU
		Release|Any CPU = Release|Any CPU
	EndGlobalSection
	GlobalSection(ProjectConfigurationPlatforms) = postSolution
		{CD616840-259E-4324-A4D5-430B2411BFFF}.Debug|Any CPU.ActiveCfg = Debug|Any CPU
		{CD616840-259E-4324-A4D5-430B2411BFFF}.Debug|Any CPU.Build.0 = Debug|Any CPU
		{CD616840-259E-4324-A4D5-430B2411BFFF}.Release|Any CPU.ActiveCfg = Release|Any CPU
		{CD616840-259E-4324-A4D5-430B2411BFFF}.Release|Any CPU.Build.0 = Release|Any CPU
		{741DC639-9DFC-4D40-A3D7-116A4242FD8E}.Debug|Any CPU.ActiveCfg = Debug|Any CPU
		{741DC639-9DFC-4D40-A3D7-116A4242FD8E}.Debug|Any CPU.Build.0 = Debug|Any CPU
		{741DC639-9DFC-4D40-A3D7-116A4242FD8E}.Release|Any CPU.ActiveCfg = Release|Any CPU
		{741DC639-9DFC-4D40-A3D7-116A4242FD8E}.Release|Any CPU.Build.0 = Release|Any CPU
	EndGlobalSection
	GlobalSection(SolutionProperties) = preSolution
		HideSolutionNode = FALSE
	EndGlobalSection
EndGlobal
